
Microsoft Visual Studio Solution File, Format Version 12.00
# Visual Studio 2013
VisualStudioVersion = 12.0.31101.0
MinimumVisualStudioVersion = 10.0.40219.1
Project("{FAE04EC0-301F-11D3-BF4B-00C04F79EFBC}") = "csharpHitbox", "csharpHitbox\csharpHitbox.csproj", "{949176C4-4C59-4FE3-B9CC-FBC313572015}"
EndProject
Global
	GlobalSection(SolutionConfigurationPlatforms) = preSolution
		Debug|Any CPU = Debug|Any CPU
		Release|Any CPU = Release|Any CPU
	EndGlobalSection
	GlobalSection(ProjectConfigurationPlatforms) = postSolution
		{949176C4-4C59-4FE3-B9CC-FBC313572015}.Debug|Any CPU.ActiveCfg = Debug|Any CPU
		{949176C4-4C59-4FE3-B9CC-FBC313572015}.Debug|Any CPU.Build.0 = Debug|Any CPU
		{949176C4-4C59-4FE3-B9CC-FBC313572015}.Release|Any CPU.ActiveCfg = Release|Any CPU
		{949176C4-4C59-4FE3-B9CC-FBC313572015}.Release|Any CPU.Build.0 = Release|Any CPU
	EndGlobalSection
	GlobalSection(SolutionProperties) = preSolution
		HideSolutionNode = FALSE
	EndGlobalSection
EndGlobal
